// !$*UTF8*$!
{
	archiveVersion = 1;
	classes = {
	};
	objectVersion = 50;
	objects = {

/* Begin PBXBuildFile section */
		1FB397E72127FA460008919F /* AppDelegate.swift in Sources */ = {isa = PBXBuildFile; fileRef = 1FB397E62127FA460008919F /* AppDelegate.swift */; };
		1FB397E92127FA460008919F /* ViewController.swift in Sources */ = {isa = PBXBuildFile; fileRef = 1FB397E82127FA460008919F /* ViewController.swift */; };
		1FB397EC2127FA460008919F /* Main.storyboard in Resources */ = {isa = PBXBuildFile; fileRef = 1FB397EA2127FA460008919F /* Main.storyboard */; };
		1FB397EE2127FA470008919F /* Assets.xcassets in Resources */ = {isa = PBXBuildFile; fileRef = 1FB397ED2127FA470008919F /* Assets.xcassets */; };
		1FB397F12127FA470008919F /* LaunchScreen.storyboard in Resources */ = {isa = PBXBuildFile; fileRef = 1FB397EF2127FA470008919F /* LaunchScreen.storyboard */; };
		1FB398032127FAA30008919F /* PTUSBHub.m in Sources */ = {isa = PBXBuildFile; fileRef = 1FB397FD2127FAA30008919F /* PTUSBHub.m */; settings = {COMPILER_FLAGS = "-fno-objc-arc"; }; };
		1FB398042127FAA30008919F /* PTProtocol.m in Sources */ = {isa = PBXBuildFile; fileRef = 1FB397FE2127FAA30008919F /* PTProtocol.m */; settings = {COMPILER_FLAGS = "-fno-objc-arc"; }; };
		1FB398052127FAA30008919F /* PTChannel.m in Sources */ = {isa = PBXBuildFile; fileRef = 1FB397FF2127FAA30008919F /* PTChannel.m */; settings = {COMPILER_FLAGS = "-fno-objc-arc"; }; };
		1FB3980B2127FB8F0008919F /* PayloadConverter.m in Sources */ = {isa = PBXBuildFile; fileRef = 1FB3980A2127FB8F0008919F /* PayloadConverter.m */; settings = {COMPILER_FLAGS = "-fno-objc-arc"; }; };
/* End PBXBuildFile section */

/* Begin PBXFileReference section */
		1FB397E32127FA460008919F /* iOSClient.app */ = {isa = PBXFileReference; explicitFileType = wrapper.application; includeInIndex = 0; path = iOSClient.app; sourceTree = BUILT_PRODUCTS_DIR; };
		1FB397E62127FA460008919F /* AppDelegate.swift */ = {isa = PBXFileReference; lastKnownFileType = sourcecode.swift; path = AppDelegate.swift; sourceTree = "<group>"; };
		1FB397E82127FA460008919F /* ViewController.swift */ = {isa = PBXFileReference; lastKnownFileType = sourcecode.swift; path = ViewController.swift; sourceTree = "<group>"; };
		1FB397EB2127FA460008919F /* Base */ = {isa = PBXFileReference; lastKnownFileType = file.storyboard; name = Base; path = Base.lproj/Main.storyboard; sourceTree = "<group>"; };
		1FB397ED2127FA470008919F /* Assets.xcassets */ = {isa = PBXFileReference; lastKnownFileType = folder.assetcatalog; path = Assets.xcassets; sourceTree = "<group>"; };
		1FB397F02127FA470008919F /* Base */ = {isa = PBXFileReference; lastKnownFileType = file.storyboard; name = Base; path = Base.lproj/LaunchScreen.storyboard; sourceTree = "<group>"; };
		1FB397F22127FA470008919F /* Info.plist */ = {isa = PBXFileReference; lastKnownFileType = text.plist.xml; path = Info.plist; sourceTree = "<group>"; };
		1FB397F82127FA8E0008919F /* iOSClient-Bridging-Header.h */ = {isa = PBXFileReference; lastKnownFileType = sourcecode.c.h; path = "iOSClient-Bridging-Header.h"; sourceTree = "<group>"; };
		1FB397FD2127FAA30008919F /* PTUSBHub.m */ = {isa = PBXFileReference; fileEncoding = 4; lastKnownFileType = sourcecode.c.objc; path = PTUSBHub.m; sourceTree = "<group>"; };
		1FB397FE2127FAA30008919F /* PTProtocol.m */ = {isa = PBXFileReference; fileEncoding = 4; lastKnownFileType = sourcecode.c.objc; path = PTProtocol.m; sourceTree = "<group>"; };
		1FB397FF2127FAA30008919F /* PTChannel.m */ = {isa = PBXFileReference; fileEncoding = 4; lastKnownFileType = sourcecode.c.objc; path = PTChannel.m; sourceTree = "<group>"; };
		1FB398002127FAA30008919F /* PTProtocol.h */ = {isa = PBXFileReference; fileEncoding = 4; lastKnownFileType = sourcecode.c.h; path = PTProtocol.h; sourceTree = "<group>"; };
		1FB398012127FAA30008919F /* PTUSBHub.h */ = {isa = PBXFileReference; fileEncoding = 4; lastKnownFileType = sourcecode.c.h; path = PTUSBHub.h; sourceTree = "<group>"; };
		1FB398022127FAA30008919F /* PTChannel.h */ = {isa = PBXFileReference; fileEncoding = 4; lastKnownFileType = sourcecode.c.h; path = PTChannel.h; sourceTree = "<group>"; };
		1FB398062127FB4F0008919F /* PTExampleProtocol.h */ = {isa = PBXFileReference; lastKnownFileType = sourcecode.c.h; path = PTExampleProtocol.h; sourceTree = "<group>"; };
		1FB398092127FB8F0008919F /* PayloadConverter.h */ = {isa = PBXFileReference; lastKnownFileType = sourcecode.c.h; path = PayloadConverter.h; sourceTree = "<group>"; };
		1FB3980A2127FB8F0008919F /* PayloadConverter.m */ = {isa = PBXFileReference; lastKnownFileType = sourcecode.c.objc; path = PayloadConverter.m; sourceTree = "<group>"; };
/* End PBXFileReference section */

/* Begin PBXFrameworksBuildPhase section */
		1FB397E02127FA460008919F /* Frameworks */ = {
			isa = PBXFrameworksBuildPhase;
			buildActionMask = 2147483647;
			files = (
			);
			runOnlyForDeploymentPostprocessing = 0;
		};
/* End PBXFrameworksBuildPhase section */

/* Begin PBXGroup section */
		1FB397DA2127FA460008919F = {
			isa = PBXGroup;
			children = (
				1FB397E52127FA460008919F /* iOSClient */,
				1FB397E42127FA460008919F /* Products */,
			);
			sourceTree = "<group>";
		};
		1FB397E42127FA460008919F /* Products */ = {
			isa = PBXGroup;
			children = (
				1FB397E32127FA460008919F /* iOSClient.app */,
			);
			name = Products;
			sourceTree = "<group>";
		};
		1FB397E52127FA460008919F /* iOSClient */ = {
			isa = PBXGroup;
			children = (
				1FB397FC2127FAA30008919F /* peertalk */,
				1FB397E62127FA460008919F /* AppDelegate.swift */,
				1FB397E82127FA460008919F /* ViewController.swift */,
				1FB398062127FB4F0008919F /* PTExampleProtocol.h */,
				1FB398092127FB8F0008919F /* PayloadConverter.h */,
				1FB3980A2127FB8F0008919F /* PayloadConverter.m */,
				1FB397EA2127FA460008919F /* Main.storyboard */,
				1FB397ED2127FA470008919F /* Assets.xcassets */,
				1FB397EF2127FA470008919F /* LaunchScreen.storyboard */,
				1FB397F22127FA470008919F /* Info.plist */,
				1FB397F82127FA8E0008919F /* iOSClient-Bridging-Header.h */,
			);
			path = iOSClient;
			sourceTree = "<group>";
		};
		1FB397FC2127FAA30008919F /* peertalk */ = {
			isa = PBXGroup;
			children = (
				1FB397FD2127FAA30008919F /* PTUSBHub.m */,
				1FB397FE2127FAA30008919F /* PTProtocol.m */,
				1FB397FF2127FAA30008919F /* PTChannel.m */,
				1FB398002127FAA30008919F /* PTProtocol.h */,
				1FB398012127FAA30008919F /* PTUSBHub.h */,
				1FB398022127FAA30008919F /* PTChannel.h */,
			);
			name = peertalk;
			path = ../../peertalk;
			sourceTree = "<group>";
		};
/* End PBXGroup section */

/* Begin PBXNativeTarget section */
		1FB397E22127FA460008919F /* iOSClient */ = {
			isa = PBXNativeTarget;
			buildConfigurationList = 1FB397F52127FA470008919F /* Build configuration list for PBXNativeTarget "iOSClient" */;
			buildPhases = (
				1FB397DF2127FA460008919F /* Sources */,
				1FB397E02127FA460008919F /* Frameworks */,
				1FB397E12127FA460008919F /* Resources */,
			);
			buildRules = (
			);
			dependencies = (
			);
			name = iOSClient;
			productName = iOSClient;
			productReference = 1FB397E32127FA460008919F /* iOSClient.app */;
			productType = "com.apple.product-type.application";
		};
/* End PBXNativeTarget section */

/* Begin PBXProject section */
		1FB397DB2127FA460008919F /* Project object */ = {
			isa = PBXProject;
			attributes = {
				LastSwiftUpdateCheck = 0940;
				LastUpgradeCheck = 0940;
				ORGANIZATIONNAME = "su xinde";
				TargetAttributes = {
					1FB397E22127FA460008919F = {
						CreatedOnToolsVersion = 9.4.1;
						LastSwiftMigration = 0940;
					};
				};
			};
			buildConfigurationList = 1FB397DE2127FA460008919F /* Build configuration list for PBXProject "iOSClient" */;
			compatibilityVersion = "Xcode 9.3";
			developmentRegion = en;
			hasScannedForEncodings = 0;
			knownRegions = (
				en,
				Base,
			);
			mainGroup = 1FB397DA2127FA460008919F;
			productRefGroup = 1FB397E42127FA460008919F /* Products */;
			projectDirPath = "";
			projectRoot = "";
			targets = (
				1FB397E22127FA460008919F /* iOSClient */,
			);
		};
/* End PBXProject section */

/* Begin PBXResourcesBuildPhase section */
		1FB397E12127FA460008919F /* Resources */ = {
			isa = PBXResourcesBuildPhase;
			buildActionMask = 2147483647;
			files = (
				1FB397F12127FA470008919F /* LaunchScreen.storyboard in Resources */,
				1FB397EE2127FA470008919F /* Assets.xcassets in Resources */,
				1FB397EC2127FA460008919F /* Main.storyboard in Resources */,
			);
			runOnlyForDeploymentPostprocessing = 0;
		};
/* End PBXResourcesBuildPhase section */

/* Begin PBXSourcesBuildPhase section */
		1FB397DF2127FA460008919F /* Sources */ = {
			isa = PBXSourcesBuildPhase;
			buildActionMask = 2147483647;
			files = (
				1FB397E92127FA460008919F /* ViewController.swift in Sources */,
				1FB398042127FAA30008919F /* PTProtocol.m in Sources */,
				1FB398032127FAA30008919F /* PTUSBHub.m in Sources */,
				1FB3980B2127FB8F0008919F /* PayloadConverter.m in Sources */,
				1FB398052127FAA30008919F /* PTChannel.m in Sources */,
				1FB397E72127FA460008919F /* AppDelegate.swift in Sources */,
			);
			runOnlyForDeploymentPostprocessing = 0;
		};
/* End PBXSourcesBuildPhase section */

/* Begin PBXVariantGroup section */
		1FB397EA2127FA460008919F /* Main.storyboard */ = {
			isa = PBXVariantGroup;
			children = (
				1FB397EB2127FA460008919F /* Base */,
			);
			name = Main.storyboard;
			sourceTree = "<group>";
		};
		1FB397EF2127FA470008919F /* LaunchScreen.storyboard */ = {
			isa = PBXVariantGroup;
			children = (
				1FB397F02127FA470008919F /* Base */,
			);
			name = LaunchScreen.storyboard;
			sourceTree = "<group>";
		};
/* End PBXVariantGroup section */

/* Begin XCBuildConfiguration section */
		1FB397F32127FA470008919F /* Debug */ = {
			isa = XCBuildConfiguration;
			buildSettings = {
				ALWAYS_SEARCH_USER_PATHS = NO;
				CLANG_ANALYZER_NONNULL = YES;
				CLANG_ANALYZER_NUMBER_OBJECT_CONVERSION = YES_AGGRESSIVE;
				CLANG_CXX_LANGUAGE_STANDARD = "gnu++14";
				CLANG_CXX_LIBRARY = "libc++";
				CLANG_ENABLE_MODULES = YES;
				CLANG_ENABLE_OBJC_ARC = YES;
				CLANG_ENABLE_OBJC_WEAK = YES;
				CLANG_WARN_BLOCK_CAPTURE_AUTORELEASING = YES;
				CLANG_WARN_BOOL_CONVERSION = YES;
				CLANG_WARN_COMMA = YES;
				CLANG_WARN_CONSTANT_CONVERSION = YES;
				CLANG_WARN_DEPRECATED_OBJC_IMPLEMENTATIONS = YES;
				CLANG_WARN_DIRECT_OBJC_ISA_USAGE = YES_ERROR;
				CLANG_WARN_DOCUMENTATION_COMMENTS = YES;
				CLANG_WARN_EMPTY_BODY = YES;
				CLANG_WARN_ENUM_CONVERSION = YES;
				CLANG_WARN_INFINITE_RECURSION = YES;
				CLANG_WARN_INT_CONVERSION = YES;
				CLANG_WARN_NON_LITERAL_NULL_CONVERSION = YES;
				CLANG_WARN_OBJC_IMPLICIT_RETAIN_SELF = YES;
				CLANG_WARN_OBJC_LITERAL_CONVERSION = YES;
				CLANG_WARN_OBJC_ROOT_CLASS = YES_ERROR;
				CLANG_WARN_RANGE_LOOP_ANALYSIS = YES;
				CLANG_WARN_STRICT_PROTOTYPES = YES;
				CLANG_WARN_SUSPICIOUS_MOVE = YES;
				CLANG_WARN_UNGUARDED_AVAILABILITY = YES_AGGRESSIVE;
				CLANG_WARN_UNREACHABLE_CODE = YES;
				CLANG_WARN__DUPLICATE_METHOD_MATCH = YES;
				CODE_SIGN_IDENTITY = "iPhone Developer";
				COPY_PHASE_STRIP = NO;
				DEBUG_INFORMATION_FORMAT = dwarf;
				ENABLE_STRICT_OBJC_MSGSEND = YES;
				ENABLE_TESTABILITY = YES;
				GCC_C_LANGUAGE_STANDARD = gnu11;
				GCC_DYNAMIC_NO_PIC = NO;
				GCC_NO_COMMON_BLOCKS = YES;
				GCC_OPTIMIZATION_LEVEL = 0;
				GCC_PREPROCESSOR_DEFINITIONS = (
					"DEBUG=1",
					"$(inherited)",
				);
				GCC_WARN_64_TO_32_BIT_CONVERSION = YES;
				GCC_WARN_ABOUT_RETURN_TYPE = YES_ERROR;
				GCC_WARN_UNDECLARED_SELECTOR = YES;
				GCC_WARN_UNINITIALIZED_AUTOS = YES_AGGRESSIVE;
				GCC_WARN_UNUSED_FUNCTION = YES;
				GCC_WARN_UNUSED_VARIABLE = YES;
				IPHONEOS_DEPLOYMENT_TARGET = 11.4;
				MTL_ENABLE_DEBUG_INFO = YES;
				ONLY_ACTIVE_ARCH = YES;
				SDKROOT = iphoneos;
				SWIFT_ACTIVE_COMPILATION_CONDITIONS = DEBUG;
				SWIFT_OPTIMIZATION_LEVEL = "-Onone";
			};
			name = Debug;
		};
		1FB397F42127FA470008919F /* Release */ = {
			isa = XCBuildConfiguration;
			buildSettings = {
				ALWAYS_SEARCH_USER_PATHS = NO;
				CLANG_ANALYZER_NONNULL = YES;
				CLANG_ANALYZER_NUMBER_OBJECT_CONVERSION = YES_AGGRESSIVE;
				CLANG_CXX_LANGUAGE_STANDARD = "gnu++14";
				CLANG_CXX_LIBRARY = "libc++";
				CLANG_ENABLE_MODULES = YES;
				CLANG_ENABLE_OBJC_ARC = YES;
				CLANG_ENABLE_OBJC_WEAK = YES;
				CLANG_WARN_BLOCK_CAPTURE_AUTORELEASING = YES;
				CLANG_WARN_BOOL_CONVERSION = YES;
				CLANG_WARN_COMMA = YES;
				CLANG_WARN_CONSTANT_CONVERSION = YES;
				CLANG_WARN_DEPRECATED_OBJC_IMPLEMENTATIONS = YES;
				CLANG_WARN_DIRECT_OBJC_ISA_USAGE = YES_ERROR;
				CLANG_WARN_DOCUMENTATION_COMMENTS = YES;
				CLANG_WARN_EMPTY_BODY = YES;
				CLANG_WARN_ENUM_CONVERSION = YES;
				CLANG_WARN_INFINITE_RECURSION = YES;
				CLANG_WARN_INT_CONVERSION = YES;
				CLANG_WARN_NON_LITERAL_NULL_CONVERSION = YES;
				CLANG_WARN_OBJC_IMPLICIT_RETAIN_SELF = YES;
				CLANG_WARN_OBJC_LITERAL_CONVERSION = YES;
				CLANG_WARN_OBJC_ROOT_CLASS = YES_ERROR;
				CLANG_WARN_RANGE_LOOP_ANALYSIS = YES;
				CLANG_WARN_STRICT_PROTOTYPES = YES;
				CLANG_WARN_SUSPICIOUS_MOVE = YES;
				CLANG_WARN_UNGUARDED_AVAILABILITY = YES_AGGRESSIVE;
				CLANG_WARN_UNREACHABLE_CODE = YES;
				CLANG_WARN__DUPLICATE_METHOD_MATCH = YES;
				CODE_SIGN_IDENTITY = "iPhone Developer";
				COPY_PHASE_STRIP = NO;
				DEBUG_INFORMATION_FORMAT = "dwarf-with-dsym";
				ENABLE_NS_ASSERTIONS = NO;
				ENABLE_STRICT_OBJC_MSGSEND = YES;
				GCC_C_LANGUAGE_STANDARD = gnu11;
				GCC_NO_COMMON_BLOCKS = YES;
				GCC_WARN_64_TO_32_BIT_CONVERSION = YES;
				GCC_WARN_ABOUT_RETURN_TYPE = YES_ERROR;
				GCC_WARN_UNDECLARED_SELECTOR = YES;
				GCC_WARN_UNINITIALIZED_AUTOS = YES_AGGRESSIVE;
				GCC_WARN_UNUSED_FUNCTION = YES;
				GCC_WARN_UNUSED_VARIABLE = YES;
				IPHONEOS_DEPLOYMENT_TARGET = 11.4;
				MTL_ENABLE_DEBUG_INFO = NO;
				SDKROOT = iphoneos;
				SWIFT_COMPILATION_MODE = wholemodule;
				SWIFT_OPTIMIZATION_LEVEL = "-O";
				VALIDATE_PRODUCT = YES;
			};
			name = Release;
		};
		1FB397F62127FA470008919F /* Debug */ = {
			isa = XCBuildConfiguration;
			buildSettings = {
				ASSETCATALOG_COMPILER_APPICON_NAME = AppIcon;
				CLANG_ENABLE_MODULES = YES;
				CODE_SIGN_STYLE = Automatic;
				DEVELOPMENT_TEAM = NZ7ATV9HL2;
				INFOPLIST_FILE = iOSClient/Info.plist;
				LD_RUNPATH_SEARCH_PATHS = (
					"$(inherited)",
					"@executable_path/Frameworks",
				);
				PRODUCT_BUNDLE_IDENTIFIER = com.su.iOSClient;
				PRODUCT_NAME = "$(TARGET_NAME)";
				SWIFT_OBJC_BRIDGING_HEADER = "iOSClient/iOSClient-Bridging-Header.h";
				SWIFT_OPTIMIZATION_LEVEL = "-Onone";
				SWIFT_VERSION = 4.0;
				TARGETED_DEVICE_FAMILY = "1,2";
			};
			name = Debug;
		};
		1FB397F72127FA470008919F /* Release */ = {
			isa = XCBuildConfiguration;
			buildSettings = {
				ASSETCATALOG_COMPILER_APPICON_NAME = AppIcon;
				CLANG_ENABLE_MODULES = YES;
				CODE_SIGN_STYLE = Automatic;
				DEVELOPMENT_TEAM = NZ7ATV9HL2;
				INFOPLIST_FILE = iOSClient/Info.plist;
				LD_RUNPATH_SEARCH_PATHS = (
					"$(inherited)",
					"@executable_path/Frameworks",
				);
				PRODUCT_BUNDLE_IDENTIFIER = com.su.iOSClient;
				PRODUCT_NAME = "$(TARGET_NAME)";
				SWIFT_OBJC_BRIDGING_HEADER = "iOSClient/iOSClient-Bridging-Header.h";
				SWIFT_VERSION = 4.0;
				TARGETED_DEVICE_FAMILY = "1,2";
			};
			name = Release;
		};
/* End XCBuildConfiguration section */

/* Begin XCConfigurationList section */
		1FB397DE2127FA460008919F /* Build configuration list for PBXProject "iOSClient" */ = {
			isa = XCConfigurationList;
			buildConfigurations = (
				1FB397F32127FA470008919F /* Debug */,
				1FB397F42127FA470008919F /* Release */,
			);
			defaultConfigurationIsVisible = 0;
			defaultConfigurationName = Release;
		};
		1FB397F52127FA470008919F /* Build configuration list for PBXNativeTarget "iOSClient" */ = {
			isa = XCConfigurationList;
			buildConfigurations = (
				1FB397F62127FA470008919F /* Debug */,
				1FB397F72127FA470008919F /* Release */,
			);
			defaultConfigurationIsVisible = 0;
			defaultConfigurationName = Release;
		};
/* End XCConfigurationList section */
	};
	rootObject = 1FB397DB2127FA460008919F /* Project object */;
}
