// !$*UTF8*$!
{
	archiveVersion = 1;
	classes = {
	};
	objectVersion = 50;
	objects = {

/* Begin PBXBuildFile section */
		1FE6114921274F0C00CA4DB7 /* AppDelegate.swift in Sources */ = {isa = PBXBuildFile; fileRef = 1FE6114821274F0C00CA4DB7 /* AppDelegate.swift */; };
		1FE6114B21274F0C00CA4DB7 /* ViewController.swift in Sources */ = {isa = PBXBuildFile; fileRef = 1FE6114A21274F0C00CA4DB7 /* ViewController.swift */; };
		1FE6114E21274F0C00CA4DB7 /* Main.storyboard in Resources */ = {isa = PBXBuildFile; fileRef = 1FE6114C21274F0C00CA4DB7 /* Main.storyboard */; };
		1FE6115021274F0C00CA4DB7 /* Assets.xcassets in Resources */ = {isa = PBXBuildFile; fileRef = 1FE6114F21274F0C00CA4DB7 /* Assets.xcassets */; };
		1FE6115321274F0C00CA4DB7 /* LaunchScreen.storyboard in Resources */ = {isa = PBXBuildFile; fileRef = 1FE6115121274F0C00CA4DB7 /* LaunchScreen.storyboard */; };
		3510560D996C8EDE766B571B /* Pods_iOSClient.framework in Frameworks */ = {isa = PBXBuildFile; fileRef = B57D57A5665324B8491DDA2B /* Pods_iOSClient.framework */; };
/* End PBXBuildFile section */

/* Begin PBXFileReference section */
		1FE6114521274F0C00CA4DB7 /* iOSClient.app */ = {isa = PBXFileReference; explicitFileType = wrapper.application; includeInIndex = 0; path = iOSClient.app; sourceTree = BUILT_PRODUCTS_DIR; };
		1FE6114821274F0C00CA4DB7 /* AppDelegate.swift */ = {isa = PBXFileReference; lastKnownFileType = sourcecode.swift; path = AppDelegate.swift; sourceTree = "<group>"; };
		1FE6114A21274F0C00CA4DB7 /* ViewController.swift */ = {isa = PBXFileReference; lastKnownFileType = sourcecode.swift; path = ViewController.swift; sourceTree = "<group>"; };
		1FE6114D21274F0C00CA4DB7 /* Base */ = {isa = PBXFileReference; lastKnownFileType = file.storyboard; name = Base; path = Base.lproj/Main.storyboard; sourceTree = "<group>"; };
		1FE6114F21274F0C00CA4DB7 /* Assets.xcassets */ = {isa = PBXFileReference; lastKnownFileType = folder.assetcatalog; path = Assets.xcassets; sourceTree = "<group>"; };
		1FE6115221274F0C00CA4DB7 /* Base */ = {isa = PBXFileReference; lastKnownFileType = file.storyboard; name = Base; path = Base.lproj/LaunchScreen.storyboard; sourceTree = "<group>"; };
		1FE6115421274F0C00CA4DB7 /* Info.plist */ = {isa = PBXFileReference; lastKnownFileType = text.plist.xml; path = Info.plist; sourceTree = "<group>"; };
		2FC91E740D71AA2900EBBF9F /* Pods-iOSClient.debug.xcconfig */ = {isa = PBXFileReference; includeInIndex = 1; lastKnownFileType = text.xcconfig; name = "Pods-iOSClient.debug.xcconfig"; path = "Pods/Target Support Files/Pods-iOSClient/Pods-iOSClient.debug.xcconfig"; sourceTree = "<group>"; };
		313E74E7605EF1DA601CC845 /* Pods-iOSClient.release.xcconfig */ = {isa = PBXFileReference; includeInIndex = 1; lastKnownFileType = text.xcconfig; name = "Pods-iOSClient.release.xcconfig"; path = "Pods/Target Support Files/Pods-iOSClient/Pods-iOSClient.release.xcconfig"; sourceTree = "<group>"; };
		B57D57A5665324B8491DDA2B /* Pods_iOSClient.framework */ = {isa = PBXFileReference; explicitFileType = wrapper.framework; includeInIndex = 0; path = Pods_iOSClient.framework; sourceTree = BUILT_PRODUCTS_DIR; };
/* End PBXFileReference section */

/* Begin PBXFrameworksBuildPhase section */
		1FE6114221274F0C00CA4DB7 /* Frameworks */ = {
			isa = PBXFrameworksBuildPhase;
			buildActionMask = 2147483647;
			files = (
				3510560D996C8EDE766B571B /* Pods_iOSClient.framework in Frameworks */,
			);
			runOnlyForDeploymentPostprocessing = 0;
		};
/* End PBXFrameworksBuildPhase section */

/* Begin PBXGroup section */
		17BB5778A255ACEC5FD848E8 /* Pods */ = {
			isa = PBXGroup;
			children = (
				2FC91E740D71AA2900EBBF9F /* Pods-iOSClient.debug.xcconfig */,
				313E74E7605EF1DA601CC845 /* Pods-iOSClient.release.xcconfig */,
			);
			name = Pods;
			sourceTree = "<group>";
		};
		1FE6113C21274F0C00CA4DB7 = {
			isa = PBXGroup;
			children = (
				1FE6114721274F0C00CA4DB7 /* iOSClient */,
				1FE6114621274F0C00CA4DB7 /* Products */,
				17BB5778A255ACEC5FD848E8 /* Pods */,
				BE2F1C97A6A7A2C01AA853A6 /* Frameworks */,
			);
			sourceTree = "<group>";
		};
		1FE6114621274F0C00CA4DB7 /* Products */ = {
			isa = PBXGroup;
			children = (
				1FE6114521274F0C00CA4DB7 /* iOSClient.app */,
			);
			name = Products;
			sourceTree = "<group>";
		};
		1FE6114721274F0C00CA4DB7 /* iOSClient */ = {
			isa = PBXGroup;
			children = (
				1FE6114821274F0C00CA4DB7 /* AppDelegate.swift */,
				1FE6114A21274F0C00CA4DB7 /* ViewController.swift */,
				1FE6114C21274F0C00CA4DB7 /* Main.storyboard */,
				1FE6114F21274F0C00CA4DB7 /* Assets.xcassets */,
				1FE6115121274F0C00CA4DB7 /* LaunchScreen.storyboard */,
				1FE6115421274F0C00CA4DB7 /* Info.plist */,
			);
			path = iOSClient;
			sourceTree = "<group>";
		};
		BE2F1C97A6A7A2C01AA853A6 /* Frameworks */ = {
			isa = PBXGroup;
			children = (
				B57D57A5665324B8491DDA2B /* Pods_iOSClient.framework */,
			);
			name = Frameworks;
			sourceTree = "<group>";
		};
/* End PBXGroup section */

/* Begin PBXNativeTarget section */
		1FE6114421274F0C00CA4DB7 /* iOSClient */ = {
			isa = PBXNativeTarget;
			buildConfigurationList = 1FE6115721274F0C00CA4DB7 /* Build configuration list for PBXNativeTarget "iOSClient" */;
			buildPhases = (
				42B8AEF5BAF3B5C94177317E /* [CP] Check Pods Manifest.lock */,
				1FE6114121274F0C00CA4DB7 /* Sources */,
				1FE6114221274F0C00CA4DB7 /* Frameworks */,
				1FE6114321274F0C00CA4DB7 /* Resources */,
				44B61D540F51214F76178E7B /* [CP] Embed Pods Frameworks */,
			);
			buildRules = (
			);
			dependencies = (
			);
			name = iOSClient;
			productName = iOSClient;
			productReference = 1FE6114521274F0C00CA4DB7 /* iOSClient.app */;
			productType = "com.apple.product-type.application";
		};
/* End PBXNativeTarget section */

/* Begin PBXProject section */
		1FE6113D21274F0C00CA4DB7 /* Project object */ = {
			isa = PBXProject;
			attributes = {
				LastSwiftUpdateCheck = 0940;
				LastUpgradeCheck = 0940;
				ORGANIZATIONNAME = "su xinde";
				TargetAttributes = {
					1FE6114421274F0C00CA4DB7 = {
						CreatedOnToolsVersion = 9.4.1;
					};
				};
			};
			buildConfigurationList = 1FE6114021274F0C00CA4DB7 /* Build configuration list for PBXProject "iOSClient" */;
			compatibilityVersion = "Xcode 9.3";
			developmentRegion = en;
			hasScannedForEncodings = 0;
			knownRegions = (
				en,
				Base,
			);
			mainGroup = 1FE6113C21274F0C00CA4DB7;
			productRefGroup = 1FE6114621274F0C00CA4DB7 /* Products */;
			projectDirPath = "";
			projectRoot = "";
			targets = (
				1FE6114421274F0C00CA4DB7 /* iOSClient */,
			);
		};
/* End PBXProject section */

/* Begin PBXResourcesBuildPhase section */
		1FE6114321274F0C00CA4DB7 /* Resources */ = {
			isa = PBXResourcesBuildPhase;
			buildActionMask = 2147483647;
			files = (
				1FE6115321274F0C00CA4DB7 /* LaunchScreen.storyboard in Resources */,
				1FE6115021274F0C00CA4DB7 /* Assets.xcassets in Resources */,
				1FE6114E21274F0C00CA4DB7 /* Main.storyboard in Resources */,
			);
			runOnlyForDeploymentPostprocessing = 0;
		};
/* End PBXResourcesBuildPhase section */

/* Begin PBXShellScriptBuildPhase section */
		42B8AEF5BAF3B5C94177317E /* [CP] Check Pods Manifest.lock */ = {
			isa = PBXShellScriptBuildPhase;
			buildActionMask = 2147483647;
			files = (
			);
			inputPaths = (
				"${PODS_PODFILE_DIR_PATH}/Podfile.lock",
				"${PODS_ROOT}/Manifest.lock",
			);
			name = "[CP] Check Pods Manifest.lock";
			outputPaths = (
				"$(DERIVED_FILE_DIR)/Pods-iOSClient-checkManifestLockResult.txt",
			);
			runOnlyForDeploymentPostprocessing = 0;
			shellPath = /bin/sh;
			shellScript = "diff \"${PODS_PODFILE_DIR_PATH}/Podfile.lock\" \"${PODS_ROOT}/Manifest.lock\" > /dev/null\nif [ $? != 0 ] ; then\n    # print error to STDERR\n    echo \"error: The sandbox is not in sync with the Podfile.lock. Run 'pod install' or update your CocoaPods installation.\" >&2\n    exit 1\nfi\n# This output is used by Xcode 'outputs' to avoid re-running this script phase.\necho \"SUCCESS\" > \"${SCRIPT_OUTPUT_FILE_0}\"\n";
			showEnvVarsInLog = 0;
		};
		44B61D540F51214F76178E7B /* [CP] Embed Pods Frameworks */ = {
			isa = PBXShellScriptBuildPhase;
			buildActionMask = 2147483647;
			files = (
			);
			inputPaths = (
				"${SRCROOT}/Pods/Target Support Files/Pods-iOSClient/Pods-iOSClient-frameworks.sh",
				"${BUILT_PRODUCTS_DIR}/PeerTalk/PeerTalk.framework",
			);
			name = "[CP] Embed Pods Frameworks";
			outputPaths = (
				"${TARGET_BUILD_DIR}/${FRAMEWORKS_FOLDER_PATH}/PeerTalk.framework",
			);
			runOnlyForDeploymentPostprocessing = 0;
			shellPath = /bin/sh;
			shellScript = "\"${SRCROOT}/Pods/Target Support Files/Pods-iOSClient/Pods-iOSClient-frameworks.sh\"\n";
			showEnvVarsInLog = 0;
		};
/* End PBXShellScriptBuildPhase section */

/* Begin PBXSourcesBuildPhase section */
		1FE6114121274F0C00CA4DB7 /* Sources */ = {
			isa = PBXSourcesBuildPhase;
			buildActionMask = 2147483647;
			files = (
				1FE6114B21274F0C00CA4DB7 /* ViewController.swift in Sources */,
				1FE6114921274F0C00CA4DB7 /* AppDelegate.swift in Sources */,
			);
			runOnlyForDeploymentPostprocessing = 0;
		};
/* End PBXSourcesBuildPhase section */

/* Begin PBXVariantGroup section */
		1FE6114C21274F0C00CA4DB7 /* Main.storyboard */ = {
			isa = PBXVariantGroup;
			children = (
				1FE6114D21274F0C00CA4DB7 /* Base */,
			);
			name = Main.storyboard;
			sourceTree = "<group>";
		};
		1FE6115121274F0C00CA4DB7 /* LaunchScreen.storyboard */ = {
			isa = PBXVariantGroup;
			children = (
				1FE6115221274F0C00CA4DB7 /* Base */,
			);
			name = LaunchScreen.storyboard;
			sourceTree = "<group>";
		};
/* End PBXVariantGroup section */

/* Begin XCBuildConfiguration section */
		1FE6115521274F0C00CA4DB7 /* Debug */ = {
			isa = XCBuildConfiguration;
			buildSettings = {
				ALWAYS_SEARCH_USER_PATHS = NO;
				CLANG_ANALYZER_NONNULL = YES;
				CLANG_ANALYZER_NUMBER_OBJECT_CONVERSION = YES_AGGRESSIVE;
				CLANG_CXX_LANGUAGE_STANDARD = "gnu++14";
				CLANG_CXX_LIBRARY = "libc++";
				CLANG_ENABLE_MODULES = YES;
				CLANG_ENABLE_OBJC_ARC = YES;
				CLANG_ENABLE_OBJC_WEAK = YES;
				CLANG_WARN_BLOCK_CAPTURE_AUTORELEASING = YES;
				CLANG_WARN_BOOL_CONVERSION = YES;
				CLANG_WARN_COMMA = YES;
				CLANG_WARN_CONSTANT_CONVERSION = YES;
				CLANG_WARN_DEPRECATED_OBJC_IMPLEMENTATIONS = YES;
				CLANG_WARN_DIRECT_OBJC_ISA_USAGE = YES_ERROR;
				CLANG_WARN_DOCUMENTATION_COMMENTS = YES;
				CLANG_WARN_EMPTY_BODY = YES;
				CLANG_WARN_ENUM_CONVERSION = YES;
				CLANG_WARN_INFINITE_RECURSION = YES;
				CLANG_WARN_INT_CONVERSION = YES;
				CLANG_WARN_NON_LITERAL_NULL_CONVERSION = YES;
				CLANG_WARN_OBJC_IMPLICIT_RETAIN_SELF = YES;
				CLANG_WARN_OBJC_LITERAL_CONVERSION = YES;
				CLANG_WARN_OBJC_ROOT_CLASS = YES_ERROR;
				CLANG_WARN_RANGE_LOOP_ANALYSIS = YES;
				CLANG_WARN_STRICT_PROTOTYPES = YES;
				CLANG_WARN_SUSPICIOUS_MOVE = YES;
				CLANG_WARN_UNGUARDED_AVAILABILITY = YES_AGGRESSIVE;
				CLANG_WARN_UNREACHABLE_CODE = YES;
				CLANG_WARN__DUPLICATE_METHOD_MATCH = YES;
				CODE_SIGN_IDENTITY = "iPhone Developer";
				COPY_PHASE_STRIP = NO;
				DEBUG_INFORMATION_FORMAT = dwarf;
				ENABLE_STRICT_OBJC_MSGSEND = YES;
				ENABLE_TESTABILITY = YES;
				GCC_C_LANGUAGE_STANDARD = gnu11;
				GCC_DYNAMIC_NO_PIC = NO;
				GCC_NO_COMMON_BLOCKS = YES;
				GCC_OPTIMIZATION_LEVEL = 0;
				GCC_PREPROCESSOR_DEFINITIONS = (
					"DEBUG=1",
					"$(inherited)",
				);
				GCC_WARN_64_TO_32_BIT_CONVERSION = YES;
				GCC_WARN_ABOUT_RETURN_TYPE = YES_ERROR;
				GCC_WARN_UNDECLARED_SELECTOR = YES;
				GCC_WARN_UNINITIALIZED_AUTOS = YES_AGGRESSIVE;
				GCC_WARN_UNUSED_FUNCTION = YES;
				GCC_WARN_UNUSED_VARIABLE = YES;
				IPHONEOS_DEPLOYMENT_TARGET = 11.4;
				MTL_ENABLE_DEBUG_INFO = YES;
				ONLY_ACTIVE_ARCH = YES;
				SDKROOT = iphoneos;
				SWIFT_ACTIVE_COMPILATION_CONDITIONS = DEBUG;
				SWIFT_OPTIMIZATION_LEVEL = "-Onone";
			};
			name = Debug;
		};
		1FE6115621274F0C00CA4DB7 /* Release */ = {
			isa = XCBuildConfiguration;
			buildSettings = {
				ALWAYS_SEARCH_USER_PATHS = NO;
				CLANG_ANALYZER_NONNULL = YES;
				CLANG_ANALYZER_NUMBER_OBJECT_CONVERSION = YES_AGGRESSIVE;
				CLANG_CXX_LANGUAGE_STANDARD = "gnu++14";
				CLANG_CXX_LIBRARY = "libc++";
				CLANG_ENABLE_MODULES = YES;
				CLANG_ENABLE_OBJC_ARC = YES;
				CLANG_ENABLE_OBJC_WEAK = YES;
				CLANG_WARN_BLOCK_CAPTURE_AUTORELEASING = YES;
				CLANG_WARN_BOOL_CONVERSION = YES;
				CLANG_WARN_COMMA = YES;
				CLANG_WARN_CONSTANT_CONVERSION = YES;
				CLANG_WARN_DEPRECATED_OBJC_IMPLEMENTATIONS = YES;
				CLANG_WARN_DIRECT_OBJC_ISA_USAGE = YES_ERROR;
				CLANG_WARN_DOCUMENTATION_COMMENTS = YES;
				CLANG_WARN_EMPTY_BODY = YES;
				CLANG_WARN_ENUM_CONVERSION = YES;
				CLANG_WARN_INFINITE_RECURSION = YES;
				CLANG_WARN_INT_CONVERSION = YES;
				CLANG_WARN_NON_LITERAL_NULL_CONVERSION = YES;
				CLANG_WARN_OBJC_IMPLICIT_RETAIN_SELF = YES;
				CLANG_WARN_OBJC_LITERAL_CONVERSION = YES;
				CLANG_WARN_OBJC_ROOT_CLASS = YES_ERROR;
				CLANG_WARN_RANGE_LOOP_ANALYSIS = YES;
				CLANG_WARN_STRICT_PROTOTYPES = YES;
				CLANG_WARN_SUSPICIOUS_MOVE = YES;
				CLANG_WARN_UNGUARDED_AVAILABILITY = YES_AGGRESSIVE;
				CLANG_WARN_UNREACHABLE_CODE = YES;
				CLANG_WARN__DUPLICATE_METHOD_MATCH = YES;
				CODE_SIGN_IDENTITY = "iPhone Developer";
				COPY_PHASE_STRIP = NO;
				DEBUG_INFORMATION_FORMAT = "dwarf-with-dsym";
				ENABLE_NS_ASSERTIONS = NO;
				ENABLE_STRICT_OBJC_MSGSEND = YES;
				GCC_C_LANGUAGE_STANDARD = gnu11;
				GCC_NO_COMMON_BLOCKS = YES;
				GCC_WARN_64_TO_32_BIT_CONVERSION = YES;
				GCC_WARN_ABOUT_RETURN_TYPE = YES_ERROR;
				GCC_WARN_UNDECLARED_SELECTOR = YES;
				GCC_WARN_UNINITIALIZED_AUTOS = YES_AGGRESSIVE;
				GCC_WARN_UNUSED_FUNCTION = YES;
				GCC_WARN_UNUSED_VARIABLE = YES;
				IPHONEOS_DEPLOYMENT_TARGET = 11.4;
				MTL_ENABLE_DEBUG_INFO = NO;
				SDKROOT = iphoneos;
				SWIFT_COMPILATION_MODE = wholemodule;
				SWIFT_OPTIMIZATION_LEVEL = "-O";
				VALIDATE_PRODUCT = YES;
			};
			name = Release;
		};
		1FE6115821274F0C00CA4DB7 /* Debug */ = {
			isa = XCBuildConfiguration;
			baseConfigurationReference = 2FC91E740D71AA2900EBBF9F /* Pods-iOSClient.debug.xcconfig */;
			buildSettings = {
				ASSETCATALOG_COMPILER_APPICON_NAME = AppIcon;
				CODE_SIGN_STYLE = Automatic;
				DEVELOPMENT_TEAM = NZ7ATV9HL2;
				INFOPLIST_FILE = iOSClient/Info.plist;
				LD_RUNPATH_SEARCH_PATHS = (
					"$(inherited)",
					"@executable_path/Frameworks",
				);
				PRODUCT_BUNDLE_IDENTIFIER = com.su.iOSClient;
				PRODUCT_NAME = "$(TARGET_NAME)";
				SWIFT_VERSION = 4.0;
				TARGETED_DEVICE_FAMILY = "1,2";
			};
			name = Debug;
		};
		1FE6115921274F0C00CA4DB7 /* Release */ = {
			isa = XCBuildConfiguration;
			baseConfigurationReference = 313E74E7605EF1DA601CC845 /* Pods-iOSClient.release.xcconfig */;
			buildSettings = {
				ASSETCATALOG_COMPILER_APPICON_NAME = AppIcon;
				CODE_SIGN_STYLE = Automatic;
				DEVELOPMENT_TEAM = NZ7ATV9HL2;
				INFOPLIST_FILE = iOSClient/Info.plist;
				LD_RUNPATH_SEARCH_PATHS = (
					"$(inherited)",
					"@executable_path/Frameworks",
				);
				PRODUCT_BUNDLE_IDENTIFIER = com.su.iOSClient;
				PRODUCT_NAME = "$(TARGET_NAME)";
				SWIFT_VERSION = 4.0;
				TARGETED_DEVICE_FAMILY = "1,2";
			};
			name = Release;
		};
/* End XCBuildConfiguration section */

/* Begin XCConfigurationList section */
		1FE6114021274F0C00CA4DB7 /* Build configuration list for PBXProject "iOSClient" */ = {
			isa = XCConfigurationList;
			buildConfigurations = (
				1FE6115521274F0C00CA4DB7 /* Debug */,
				1FE6115621274F0C00CA4DB7 /* Release */,
			);
			defaultConfigurationIsVisible = 0;
			defaultConfigurationName = Release;
		};
		1FE6115721274F0C00CA4DB7 /* Build configuration list for PBXNativeTarget "iOSClient" */ = {
			isa = XCConfigurationList;
			buildConfigurations = (
				1FE6115821274F0C00CA4DB7 /* Debug */,
				1FE6115921274F0C00CA4DB7 /* Release */,
			);
			defaultConfigurationIsVisible = 0;
			defaultConfigurationName = Release;
		};
/* End XCConfigurationList section */
	};
	rootObject = 1FE6113D21274F0C00CA4DB7 /* Project object */;
}
